// !$*UTF8*$!
{
	archiveVersion = 1;
	classes = {
	};
	objectVersion = 48;
	objects = {

/* Begin PBXBuildFile section */
		A192124C1FA6BE8F00F371EA /* AppDelegate.swift in Sources */ = {isa = PBXBuildFile; fileRef = A192124B1FA6BE8F00F371EA /* AppDelegate.swift */; };
		A192124E1FA6BE8F00F371EA /* ObjectsViewController.swift in Sources */ = {isa = PBXBuildFile; fileRef = A192124D1FA6BE8F00F371EA /* ObjectsViewController.swift */; };
		A19212511FA6BE8F00F371EA /* Main.storyboard in Resources */ = {isa = PBXBuildFile; fileRef = A192124F1FA6BE8F00F371EA /* Main.storyboard */; };
		A19212531FA6BE8F00F371EA /* Assets.xcassets in Resources */ = {isa = PBXBuildFile; fileRef = A19212521FA6BE8F00F371EA /* Assets.xcassets */; };
		A19212561FA6BE8F00F371EA /* LaunchScreen.storyboard in Resources */ = {isa = PBXBuildFile; fileRef = A19212541FA6BE8F00F371EA /* LaunchScreen.storyboard */; };
/* End PBXBuildFile section */

/* Begin PBXFileReference section */
		A19212481FA6BE8F00F371EA /* MeusOlhos.app */ = {isa = PBXFileReference; explicitFileType = wrapper.application; includeInIndex = 0; path = MeusOlhos.app; sourceTree = BUILT_PRODUCTS_DIR; };
		A192124B1FA6BE8F00F371EA /* AppDelegate.swift */ = {isa = PBXFileReference; lastKnownFileType = sourcecode.swift; path = AppDelegate.swift; sourceTree = "<group>"; };
		A192124D1FA6BE8F00F371EA /* ObjectsViewController.swift */ = {isa = PBXFileReference; lastKnownFileType = sourcecode.swift; path = ObjectsViewController.swift; sourceTree = "<group>"; };
		A19212501FA6BE8F00F371EA /* Base */ = {isa = PBXFileReference; lastKnownFileType = file.storyboard; name = Base; path = Base.lproj/Main.storyboard; sourceTree = "<group>"; };
		A19212521FA6BE8F00F371EA /* Assets.xcassets */ = {isa = PBXFileReference; lastKnownFileType = folder.assetcatalog; path = Assets.xcassets; sourceTree = "<group>"; };
		A19212551FA6BE8F00F371EA /* Base */ = {isa = PBXFileReference; lastKnownFileType = file.storyboard; name = Base; path = Base.lproj/LaunchScreen.storyboard; sourceTree = "<group>"; };
		A19212571FA6BE8F00F371EA /* Info.plist */ = {isa = PBXFileReference; lastKnownFileType = text.plist.xml; path = Info.plist; sourceTree = "<group>"; };
/* End PBXFileReference section */

/* Begin PBXFrameworksBuildPhase section */
		A19212451FA6BE8F00F371EA /* Frameworks */ = {
			isa = PBXFrameworksBuildPhase;
			buildActionMask = 2147483647;
			files = (
			);
			runOnlyForDeploymentPostprocessing = 0;
		};
/* End PBXFrameworksBuildPhase section */

/* Begin PBXGroup section */
		A192123F1FA6BE8F00F371EA = {
			isa = PBXGroup;
			children = (
				A192124A1FA6BE8F00F371EA /* MeusOlhos */,
				A19212491FA6BE8F00F371EA /* Products */,
			);
			sourceTree = "<group>";
		};
		A19212491FA6BE8F00F371EA /* Products */ = {
			isa = PBXGroup;
			children = (
				A19212481FA6BE8F00F371EA /* MeusOlhos.app */,
			);
			name = Products;
			sourceTree = "<group>";
		};
		A192124A1FA6BE8F00F371EA /* MeusOlhos */ = {
			isa = PBXGroup;
			children = (
				A192124B1FA6BE8F00F371EA /* AppDelegate.swift */,
				A192124D1FA6BE8F00F371EA /* ObjectsViewController.swift */,
				A192124F1FA6BE8F00F371EA /* Main.storyboard */,
				A19212521FA6BE8F00F371EA /* Assets.xcassets */,
				A19212541FA6BE8F00F371EA /* LaunchScreen.storyboard */,
				A19212571FA6BE8F00F371EA /* Info.plist */,
			);
			path = MeusOlhos;
			sourceTree = "<group>";
		};
/* End PBXGroup section */

/* Begin PBXNativeTarget section */
		A19212471FA6BE8F00F371EA /* MeusOlhos */ = {
			isa = PBXNativeTarget;
			buildConfigurationList = A192125A1FA6BE8F00F371EA /* Build configuration list for PBXNativeTarget "MeusOlhos" */;
			buildPhases = (
				A19212441FA6BE8F00F371EA /* Sources */,
				A19212451FA6BE8F00F371EA /* Frameworks */,
				A19212461FA6BE8F00F371EA /* Resources */,
			);
			buildRules = (
			);
			dependencies = (
			);
			name = MeusOlhos;
			productName = MeusOlhos;
			productReference = A19212481FA6BE8F00F371EA /* MeusOlhos.app */;
			productType = "com.apple.product-type.application";
		};
/* End PBXNativeTarget section */

/* Begin PBXProject section */
		A19212401FA6BE8F00F371EA /* Project object */ = {
			isa = PBXProject;
			attributes = {
				LastSwiftUpdateCheck = 0900;
				LastUpgradeCheck = 0900;
				ORGANIZATIONNAME = "Eric Brito";
				TargetAttributes = {
					A19212471FA6BE8F00F371EA = {
						CreatedOnToolsVersion = 9.0.1;
						ProvisioningStyle = Automatic;
					};
				};
			};
			buildConfigurationList = A19212431FA6BE8F00F371EA /* Build configuration list for PBXProject "MeusOlhos" */;
			compatibilityVersion = "Xcode 8.0";
			developmentRegion = en;
			hasScannedForEncodings = 0;
			knownRegions = (
				en,
				Base,
			);
			mainGroup = A192123F1FA6BE8F00F371EA;
			productRefGroup = A19212491FA6BE8F00F371EA /* Products */;
			projectDirPath = "";
			projectRoot = "";
			targets = (
				A19212471FA6BE8F00F371EA /* MeusOlhos */,
			);
		};
/* End PBXProject section */

/* Begin PBXResourcesBuildPhase section */
		A19212461FA6BE8F00F371EA /* Resources */ = {
			isa = PBXResourcesBuildPhase;
			buildActionMask = 2147483647;
			files = (
				A19212561FA6BE8F00F371EA /* LaunchScreen.storyboard in Resources */,
				A19212531FA6BE8F00F371EA /* Assets.xcassets in Resources */,
				A19212511FA6BE8F00F371EA /* Main.storyboard in Resources */,
			);
			runOnlyForDeploymentPostprocessing = 0;
		};
/* End PBXResourcesBuildPhase section */

/* Begin PBXSourcesBuildPhase section */
		A19212441FA6BE8F00F371EA /* Sources */ = {
			isa = PBXSourcesBuildPhase;
			buildActionMask = 2147483647;
			files = (
				A192124E1FA6BE8F00F371EA /* ObjectsViewController.swift in Sources */,
				A192124C1FA6BE8F00F371EA /* AppDelegate.swift in Sources */,
			);
			runOnlyForDeploymentPostprocessing = 0;
		};
/* End PBXSourcesBuildPhase section */

/* Begin PBXVariantGroup section */
		A192124F1FA6BE8F00F371EA /* Main.storyboard */ = {
			isa = PBXVariantGroup;
			children = (
				A19212501FA6BE8F00F371EA /* Base */,
			);
			name = Main.storyboard;
			sourceTree = "<group>";
		};
		A19212541FA6BE8F00F371EA /* LaunchScreen.storyboard */ = {
			isa = PBXVariantGroup;
			children = (
				A19212551FA6BE8F00F371EA /* Base */,
			);
			name = LaunchScreen.storyboard;
			sourceTree = "<group>";
		};
/* End PBXVariantGroup section */

/* Begin XCBuildConfiguration section */
		A19212581FA6BE8F00F371EA /* Debug */ = {
			isa = XCBuildConfiguration;
			buildSettings = {
				ALWAYS_SEARCH_USER_PATHS = NO;
				CLANG_ANALYZER_NONNULL = YES;
				CLANG_ANALYZER_NUMBER_OBJECT_CONVERSION = YES_AGGRESSIVE;
				CLANG_CXX_LANGUAGE_STANDARD = "gnu++14";
				CLANG_CXX_LIBRARY = "libc++";
				CLANG_ENABLE_MODULES = YES;
				CLANG_ENABLE_OBJC_ARC = YES;
				CLANG_WARN_BLOCK_CAPTURE_AUTORELEASING = YES;
				CLANG_WARN_BOOL_CONVERSION = YES;
				CLANG_WARN_COMMA = YES;
				CLANG_WARN_CONSTANT_CONVERSION = YES;
				CLANG_WARN_DIRECT_OBJC_ISA_USAGE = YES_ERROR;
				CLANG_WARN_DOCUMENTATION_COMMENTS = YES;
				CLANG_WARN_EMPTY_BODY = YES;
				CLANG_WARN_ENUM_CONVERSION = YES;
				CLANG_WARN_INFINITE_RECURSION = YES;
				CLANG_WARN_INT_CONVERSION = YES;
				CLANG_WARN_NON_LITERAL_NULL_CONVERSION = YES;
				CLANG_WARN_OBJC_LITERAL_CONVERSION = YES;
				CLANG_WARN_OBJC_ROOT_CLASS = YES_ERROR;
				CLANG_WARN_RANGE_LOOP_ANALYSIS = YES;
				CLANG_WARN_STRICT_PROTOTYPES = YES;
				CLANG_WARN_SUSPICIOUS_MOVE = YES;
				CLANG_WARN_UNGUARDED_AVAILABILITY = YES_AGGRESSIVE;
				CLANG_WARN_UNREACHABLE_CODE = YES;
				CLANG_WARN__DUPLICATE_METHOD_MATCH = YES;
				CODE_SIGN_IDENTITY = "iPhone Developer";
				COPY_PHASE_STRIP = NO;
				DEBUG_INFORMATION_FORMAT = dwarf;
				ENABLE_STRICT_OBJC_MSGSEND = YES;
				ENABLE_TESTABILITY = YES;
				GCC_C_LANGUAGE_STANDARD = gnu11;
				GCC_DYNAMIC_NO_PIC = NO;
				GCC_NO_COMMON_BLOCKS = YES;
				GCC_OPTIMIZATION_LEVEL = 0;
				GCC_PREPROCESSOR_DEFINITIONS = (
					"DEBUG=1",
					"$(inherited)",
				);
				GCC_WARN_64_TO_32_BIT_CONVERSION = YES;
				GCC_WARN_ABOUT_RETURN_TYPE = YES_ERROR;
				GCC_WARN_UNDECLARED_SELECTOR = YES;
				GCC_WARN_UNINITIALIZED_AUTOS = YES_AGGRESSIVE;
				GCC_WARN_UNUSED_FUNCTION = YES;
				GCC_WARN_UNUSED_VARIABLE = YES;
				IPHONEOS_DEPLOYMENT_TARGET = 11.0;
				MTL_ENABLE_DEBUG_INFO = YES;
				ONLY_ACTIVE_ARCH = YES;
				SDKROOT = iphoneos;
				SWIFT_ACTIVE_COMPILATION_CONDITIONS = DEBUG;
				SWIFT_OPTIMIZATION_LEVEL = "-Onone";
			};
			name = Debug;
		};
		A19212591FA6BE8F00F371EA /* Release */ = {
			isa = XCBuildConfiguration;
			buildSettings = {
				ALWAYS_SEARCH_USER_PATHS = NO;
				CLANG_ANALYZER_NONNULL = YES;
				CLANG_ANALYZER_NUMBER_OBJECT_CONVERSION = YES_AGGRESSIVE;
				CLANG_CXX_LANGUAGE_STANDARD = "gnu++14";
				CLANG_CXX_LIBRARY = "libc++";
				CLANG_ENABLE_MODULES = YES;
				CLANG_ENABLE_OBJC_ARC = YES;
				CLANG_WARN_BLOCK_CAPTURE_AUTORELEASING = YES;
				CLANG_WARN_BOOL_CONVERSION = YES;
				CLANG_WARN_COMMA = YES;
				CLANG_WARN_CONSTANT_CONVERSION = YES;
				CLANG_WARN_DIRECT_OBJC_ISA_USAGE = YES_ERROR;
				CLANG_WARN_DOCUMENTATION_COMMENTS = YES;
				CLANG_WARN_EMPTY_BODY = YES;
				CLANG_WARN_ENUM_CONVERSION = YES;
				CLANG_WARN_INFINITE_RECURSION = YES;
				CLANG_WARN_INT_CONVERSION = YES;
				CLANG_WARN_NON_LITERAL_NULL_CONVERSION = YES;
				CLANG_WARN_OBJC_LITERAL_CONVERSION = YES;
				CLANG_WARN_OBJC_ROOT_CLASS = YES_ERROR;
				CLANG_WARN_RANGE_LOOP_ANALYSIS = YES;
				CLANG_WARN_STRICT_PROTOTYPES = YES;
				CLANG_WARN_SUSPICIOUS_MOVE = YES;
				CLANG_WARN_UNGUARDED_AVAILABILITY = YES_AGGRESSIVE;
				CLANG_WARN_UNREACHABLE_CODE = YES;
				CLANG_WARN__DUPLICATE_METHOD_MATCH = YES;
				CODE_SIGN_IDENTITY = "iPhone Developer";
				COPY_PHASE_STRIP = NO;
				DEBUG_INFORMATION_FORMAT = "dwarf-with-dsym";
				ENABLE_NS_ASSERTIONS = NO;
				ENABLE_STRICT_OBJC_MSGSEND = YES;
				GCC_C_LANGUAGE_STANDARD = gnu11;
				GCC_NO_COMMON_BLOCKS = YES;
				GCC_WARN_64_TO_32_BIT_CONVERSION = YES;
				GCC_WARN_ABOUT_RETURN_TYPE = YES_ERROR;
				GCC_WARN_UNDECLARED_SELECTOR = YES;
				GCC_WARN_UNINITIALIZED_AUTOS = YES_AGGRESSIVE;
				GCC_WARN_UNUSED_FUNCTION = YES;
				GCC_WARN_UNUSED_VARIABLE = YES;
				IPHONEOS_DEPLOYMENT_TARGET = 11.0;
				MTL_ENABLE_DEBUG_INFO = NO;
				SDKROOT = iphoneos;
				SWIFT_OPTIMIZATION_LEVEL = "-Owholemodule";
				VALIDATE_PRODUCT = YES;
			};
			name = Release;
		};
		A192125B1FA6BE8F00F371EA /* Debug */ = {
			isa = XCBuildConfiguration;
			buildSettings = {
				ASSETCATALOG_COMPILER_APPICON_NAME = AppIcon;
				CODE_SIGN_STYLE = Automatic;
				DEVELOPMENT_TEAM = "";
				INFOPLIST_FILE = MeusOlhos/Info.plist;
				LD_RUNPATH_SEARCH_PATHS = "$(inherited) @executable_path/Frameworks";
				PRODUCT_BUNDLE_IDENTIFIER = com.ericbrito.MeusOlhos;
				PRODUCT_NAME = "$(TARGET_NAME)";
				SWIFT_VERSION = 4.0;
				TARGETED_DEVICE_FAMILY = 1;
			};
			name = Debug;
		};
		A192125C1FA6BE8F00F371EA /* Release */ = {
			isa = XCBuildConfiguration;
			buildSettings = {
				ASSETCATALOG_COMPILER_APPICON_NAME = AppIcon;
				CODE_SIGN_STYLE = Automatic;
				DEVELOPMENT_TEAM = "";
				INFOPLIST_FILE = MeusOlhos/Info.plist;
				LD_RUNPATH_SEARCH_PATHS = "$(inherited) @executable_path/Frameworks";
				PRODUCT_BUNDLE_IDENTIFIER = com.ericbrito.MeusOlhos;
				PRODUCT_NAME = "$(TARGET_NAME)";
				SWIFT_VERSION = 4.0;
				TARGETED_DEVICE_FAMILY = 1;
			};
			name = Release;
		};
/* End XCBuildConfiguration section */

/* Begin XCConfigurationList section */
		A19212431FA6BE8F00F371EA /* Build configuration list for PBXProject "MeusOlhos" */ = {
			isa = XCConfigurationList;
			buildConfigurations = (
				A19212581FA6BE8F00F371EA /* Debug */,
				A19212591FA6BE8F00F371EA /* Release */,
			);
			defaultConfigurationIsVisible = 0;
			defaultConfigurationName = Release;
		};
		A192125A1FA6BE8F00F371EA /* Build configuration list for PBXNativeTarget "MeusOlhos" */ = {
			isa = XCConfigurationList;
			buildConfigurations = (
				A192125B1FA6BE8F00F371EA /* Debug */,
				A192125C1FA6BE8F00F371EA /* Release */,
			);
			defaultConfigurationIsVisible = 0;
			defaultConfigurationName = Release;
		};
/* End XCConfigurationList section */
	};
	rootObject = A19212401FA6BE8F00F371EA /* Project object */;
}
